<?xml version="1.0" encoding="utf-8"?>
<Project ToolsVersion="4.0" xmlns="http://schemas.microsoft.com/developer/msbuild/2003">
  <ItemGroup>
    <Filter Include="Source Files">
      <UniqueIdentifier>{4FC737F1-C7A5-4376-A066-2A32D752A2FF}</UniqueIdentifier>
      <Extensions>cpp;c;cc;cxx;def;odl;idl;hpj;bat;asm;asmx</Extensions>
    </Filter>
    <Filter Include="Header Files">
      <UniqueIdentifier>{93995380-89BD-4b04-88EB-625FBE52EBFB}</UniqueIdentifier>
      <Extensions>h;hh;hpp;hxx;hm;inl;inc;xsd</Extensions>
    </Filter>
    <Filter Include="Resource Files">
      <UniqueIdentifier>{67DA6AB6-F800-4c08-8B7A-83BB121AAD01}</UniqueIdentifier>
      <Extensions>rc;ico;cur;bmp;dlg;rc2;rct;bin;rgs;gif;jpg;jpeg;jpe;resx;tiff;tif;png;wav;mfcribbon-ms</Extensions>
    </Filter>
    <Filter Include="Source Files\DirectX">
      <UniqueIdentifier>{524714c4-0a70-4171-be13-52baf33ed25a}</UniqueIdentifier>
    </Filter>
    <Filter Include="Header Files\DirectX">
      <UniqueIdentifier>{36e50732-5150-4e2b-a2f9-e5e2024356dc}</UniqueIdentifier>
    </Filter>
    <Filter Include="Header Files\MFC">
      <UniqueIdentifier>{924f8f1b-29e5-45c1-a23c-4b4161348cf3}</UniqueIdentifier>
    </Filter>
    <Filter Include="Source Files\MFC">
      <UniqueIdentifier>{250b04e0-5535-4800-9b6a-a5cc6be95185}</UniqueIdentifier>
    </Filter>
    <Filter Include="Shader Files">
      <UniqueIdentifier>{25345e1a-23d8-4c8a-8c3a-3c20f562d434}</UniqueIdentifier>
    </Filter>
  </ItemGroup>
  <ItemGroup>
    <Text Include="ReadMe.txt" />
  </ItemGroup>
  <ItemGroup>
    <ClInclude Include="Directx\CameraClass.h">
      <Filter>Header Files\DirectX</Filter>
    </ClInclude>
    <ClInclude Include="Directx\D3DClass.h">
      <Filter>Header Files\DirectX</Filter>
    </ClInclude>
    <ClInclude Include="Directx\GraphicsClass.h">
      <Filter>Header Files\DirectX</Filter>
    </ClInclude>
    <ClInclude Include="Directx\ModelClass.h">
      <Filter>Header Files\DirectX</Filter>
    </ClInclude>
    <ClInclude Include="Directx\TextureClass.h">
      <Filter>Header Files\DirectX</Filter>
    </ClInclude>
    <ClInclude Include="MainFrm.h">
      <Filter>Header Files\MFC</Filter>
    </ClInclude>
    <ClInclude Include="MapTool.h">
      <Filter>Header Files\MFC</Filter>
    </ClInclude>
    <ClInclude Include="MapToolDoc.h">
      <Filter>Header Files\MFC</Filter>
    </ClInclude>
    <ClInclude Include="MapToolView.h">
      <Filter>Header Files\MFC</Filter>
    </ClInclude>
    <ClInclude Include="Resource.h">
      <Filter>Header Files\MFC</Filter>
    </ClInclude>
    <ClInclude Include="stdafx.h">
      <Filter>Header Files\MFC</Filter>
    </ClInclude>
    <ClInclude Include="targetver.h">
      <Filter>Header Files\MFC</Filter>
    </ClInclude>
    <ClInclude Include="Directx\TextureShaderClass.h">
      <Filter>Header Files\DirectX</Filter>
    </ClInclude>
    <ClInclude Include="FormView2.h">
      <Filter>Header Files\MFC</Filter>
    </ClInclude>
    <ClInclude Include="MainFormView.h">
      <Filter>Header Files\MFC</Filter>
    </ClInclude>
  </ItemGroup>
  <ItemGroup>
    <ClCompile Include="Directx\CameraClass.cpp">
      <Filter>Source Files\DirectX</Filter>
    </ClCompile>
    <ClCompile Include="Directx\D3DClass.cpp">
      <Filter>Source Files\DirectX</Filter>
    </ClCompile>
    <ClCompile Include="Directx\GraphicsClass.cpp">
      <Filter>Source Files\DirectX</Filter>
    </ClCompile>
    <ClCompile Include="Directx\ModelClass.cpp">
      <Filter>Source Files\DirectX</Filter>
    </ClCompile>
    <ClCompile Include="Directx\TextureClass.cpp">
      <Filter>Source Files\DirectX</Filter>
    </ClCompile>
    <ClCompile Include="MainFrm.cpp">
      <Filter>Source Files\MFC</Filter>
    </ClCompile>
    <ClCompile Include="stdafx.cpp">
      <Filter>Source Files\MFC</Filter>
    </ClCompile>
    <ClCompile Include="MapTool.cpp">
      <Filter>Source Files\MFC</Filter>
    </ClCompile>
    <ClCompile Include="MapToolDoc.cpp">
      <Filter>Source Files\MFC</Filter>
    </ClCompile>
    <ClCompile Include="MapToolView.cpp">
      <Filter>Source Files\MFC</Filter>
    </ClCompile>
    <ClCompile Include="Directx\TextureShaderClass.cpp">
      <Filter>Source Files\DirectX</Filter>
    </ClCompile>
    <ClCompile Include="FormView2.cpp">
      <Filter>Source Files\MFC</Filter>
    </ClCompile>
    <ClCompile Include="MainFormView.cpp">
      <Filter>Source Files\MFC</Filter>
    </ClCompile>
  </ItemGroup>
  <ItemGroup>
    <ResourceCompile Include="MapTool.rc">
      <Filter>Resource Files</Filter>
    </ResourceCompile>
  </ItemGroup>
  <ItemGroup>
    <None Include="res\MapTool.rc2">
      <Filter>Resource Files</Filter>
    </None>
    <None Include="Shader\Texture.ps">
      <Filter>Shader Files</Filter>
    </None>
    <None Include="Shader\Texture.vs">
      <Filter>Shader Files</Filter>
    </None>
  </ItemGroup>
  <ItemGroup>
    <Image Include="res\MapToolDoc.ico">
      <Filter>Resource Files</Filter>
    </Image>
    <Image Include="res\MapTool.ico">
      <Filter>Resource Files</Filter>
    </Image>
    <Image Include="res\Toolbar.bmp">
      <Filter>Resource Files</Filter>
    </Image>
  </ItemGroup>
</Project>